// !$*UTF8*$!
{
	archiveVersion = 1;
	classes = {
	};
	objectVersion = 50;
	objects = {

/* Begin PBXBuildFile section */
		BC0B33A223B5EEE1006A0185 /* ToDo.swift in Sources */ = {isa = PBXBuildFile; fileRef = BC0B33A123B5EEE1006A0185 /* ToDo.swift */; };
		BC0B33A423B61A54006A0185 /* ToDoTableViewController.swift in Sources */ = {isa = PBXBuildFile; fileRef = BC0B33A323B61A54006A0185 /* ToDoTableViewController.swift */; };
		BC7579A823C5953C000E95B8 /* CompleteToDoViewController.swift in Sources */ = {isa = PBXBuildFile; fileRef = BC7579A723C5953C000E95B8 /* CompleteToDoViewController.swift */; };
		BC7579AB23C5C32E000E95B8 /* ToDo.xcdatamodeld in Sources */ = {isa = PBXBuildFile; fileRef = BC7579A923C5C32E000E95B8 /* ToDo.xcdatamodeld */; };
		BC7CE12F23B482A700D0662D /* AppDelegate.swift in Sources */ = {isa = PBXBuildFile; fileRef = BC7CE12E23B482A700D0662D /* AppDelegate.swift */; };
		BC7CE13123B482A700D0662D /* SceneDelegate.swift in Sources */ = {isa = PBXBuildFile; fileRef = BC7CE13023B482A700D0662D /* SceneDelegate.swift */; };
		BC7CE13323B482A700D0662D /* AddToDoViewController.swift in Sources */ = {isa = PBXBuildFile; fileRef = BC7CE13223B482A700D0662D /* AddToDoViewController.swift */; };
		BC7CE13623B482A700D0662D /* Main.storyboard in Resources */ = {isa = PBXBuildFile; fileRef = BC7CE13423B482A700D0662D /* Main.storyboard */; };
		BC7CE13823B482A800D0662D /* Assets.xcassets in Resources */ = {isa = PBXBuildFile; fileRef = BC7CE13723B482A800D0662D /* Assets.xcassets */; };
		BC7CE13B23B482A800D0662D /* LaunchScreen.storyboard in Resources */ = {isa = PBXBuildFile; fileRef = BC7CE13923B482A800D0662D /* LaunchScreen.storyboard */; };
/* End PBXBuildFile section */

/* Begin PBXFileReference section */
		BC0B33A123B5EEE1006A0185 /* ToDo.swift */ = {isa = PBXFileReference; lastKnownFileType = sourcecode.swift; path = ToDo.swift; sourceTree = "<group>"; };
		BC0B33A323B61A54006A0185 /* ToDoTableViewController.swift */ = {isa = PBXFileReference; lastKnownFileType = sourcecode.swift; path = ToDoTableViewController.swift; sourceTree = "<group>"; };
		BC7579A723C5953C000E95B8 /* CompleteToDoViewController.swift */ = {isa = PBXFileReference; lastKnownFileType = sourcecode.swift; path = CompleteToDoViewController.swift; sourceTree = "<group>"; };
		BC7579AA23C5C32E000E95B8 /* ToDo.xcdatamodel */ = {isa = PBXFileReference; lastKnownFileType = wrapper.xcdatamodel; path = ToDo.xcdatamodel; sourceTree = "<group>"; };
		BC7CE12B23B482A700D0662D /* ToDo.app */ = {isa = PBXFileReference; explicitFileType = wrapper.application; includeInIndex = 0; path = ToDo.app; sourceTree = BUILT_PRODUCTS_DIR; };
		BC7CE12E23B482A700D0662D /* AppDelegate.swift */ = {isa = PBXFileReference; lastKnownFileType = sourcecode.swift; path = AppDelegate.swift; sourceTree = "<group>"; };
		BC7CE13023B482A700D0662D /* SceneDelegate.swift */ = {isa = PBXFileReference; lastKnownFileType = sourcecode.swift; path = SceneDelegate.swift; sourceTree = "<group>"; };
		BC7CE13223B482A700D0662D /* AddToDoViewController.swift */ = {isa = PBXFileReference; lastKnownFileType = sourcecode.swift; path = AddToDoViewController.swift; sourceTree = "<group>"; };
		BC7CE13523B482A700D0662D /* Base */ = {isa = PBXFileReference; lastKnownFileType = file.storyboard; name = Base; path = Base.lproj/Main.storyboard; sourceTree = "<group>"; };
		BC7CE13723B482A800D0662D /* Assets.xcassets */ = {isa = PBXFileReference; lastKnownFileType = folder.assetcatalog; path = Assets.xcassets; sourceTree = "<group>"; };
		BC7CE13A23B482A800D0662D /* Base */ = {isa = PBXFileReference; lastKnownFileType = file.storyboard; name = Base; path = Base.lproj/LaunchScreen.storyboard; sourceTree = "<group>"; };
		BC7CE13C23B482A800D0662D /* Info.plist */ = {isa = PBXFileReference; lastKnownFileType = text.plist.xml; path = Info.plist; sourceTree = "<group>"; };
/* End PBXFileReference section */

/* Begin PBXFrameworksBuildPhase section */
		BC7CE12823B482A700D0662D /* Frameworks */ = {
			isa = PBXFrameworksBuildPhase;
			buildActionMask = 2147483647;
			files = (
			);
			runOnlyForDeploymentPostprocessing = 0;
		};
/* End PBXFrameworksBuildPhase section */

/* Begin PBXGroup section */
		BC7CE12223B482A700D0662D = {
			isa = PBXGroup;
			children = (
				BC7CE12D23B482A700D0662D /* ToDo */,
				BC7CE12C23B482A700D0662D /* Products */,
			);
			sourceTree = "<group>";
		};
		BC7CE12C23B482A700D0662D /* Products */ = {
			isa = PBXGroup;
			children = (
				BC7CE12B23B482A700D0662D /* ToDo.app */,
			);
			name = Products;
			sourceTree = "<group>";
		};
		BC7CE12D23B482A700D0662D /* ToDo */ = {
			isa = PBXGroup;
			children = (
				BC7CE12E23B482A700D0662D /* AppDelegate.swift */,
				BC7CE13023B482A700D0662D /* SceneDelegate.swift */,
				BC0B33A323B61A54006A0185 /* ToDoTableViewController.swift */,
				BC7CE13223B482A700D0662D /* AddToDoViewController.swift */,
				BC7579A723C5953C000E95B8 /* CompleteToDoViewController.swift */,
				BC0B33A123B5EEE1006A0185 /* ToDo.swift */,
				BC7CE13423B482A700D0662D /* Main.storyboard */,
				BC7CE13723B482A800D0662D /* Assets.xcassets */,
				BC7CE13923B482A800D0662D /* LaunchScreen.storyboard */,
				BC7CE13C23B482A800D0662D /* Info.plist */,
				BC7579A923C5C32E000E95B8 /* ToDo.xcdatamodeld */,
			);
			path = ToDo;
			sourceTree = "<group>";
		};
/* End PBXGroup section */

/* Begin PBXNativeTarget section */
		BC7CE12A23B482A700D0662D /* ToDo */ = {
			isa = PBXNativeTarget;
			buildConfigurationList = BC7CE13F23B482A800D0662D /* Build configuration list for PBXNativeTarget "ToDo" */;
			buildPhases = (
				BC7CE12723B482A700D0662D /* Sources */,
				BC7CE12823B482A700D0662D /* Frameworks */,
				BC7CE12923B482A700D0662D /* Resources */,
			);
			buildRules = (
			);
			dependencies = (
			);
			name = ToDo;
			productName = ToDo;
			productReference = BC7CE12B23B482A700D0662D /* ToDo.app */;
			productType = "com.apple.product-type.application";
		};
/* End PBXNativeTarget section */

/* Begin PBXProject section */
		BC7CE12323B482A700D0662D /* Project object */ = {
			isa = PBXProject;
			attributes = {
				LastSwiftUpdateCheck = 1130;
				LastUpgradeCheck = 1130;
				ORGANIZATIONNAME = jung;
				TargetAttributes = {
					BC7CE12A23B482A700D0662D = {
						CreatedOnToolsVersion = 11.3;
					};
				};
			};
			buildConfigurationList = BC7CE12623B482A700D0662D /* Build configuration list for PBXProject "ToDo" */;
			compatibilityVersion = "Xcode 9.3";
			developmentRegion = en;
			hasScannedForEncodings = 0;
			knownRegions = (
				en,
				Base,
			);
			mainGroup = BC7CE12223B482A700D0662D;
			productRefGroup = BC7CE12C23B482A700D0662D /* Products */;
			projectDirPath = "";
			projectRoot = "";
			targets = (
				BC7CE12A23B482A700D0662D /* ToDo */,
			);
		};
/* End PBXProject section */

/* Begin PBXResourcesBuildPhase section */
		BC7CE12923B482A700D0662D /* Resources */ = {
			isa = PBXResourcesBuildPhase;
			buildActionMask = 2147483647;
			files = (
				BC7CE13B23B482A800D0662D /* LaunchScreen.storyboard in Resources */,
				BC7CE13823B482A800D0662D /* Assets.xcassets in Resources */,
				BC7CE13623B482A700D0662D /* Main.storyboard in Resources */,
			);
			runOnlyForDeploymentPostprocessing = 0;
		};
/* End PBXResourcesBuildPhase section */

/* Begin PBXSourcesBuildPhase section */
		BC7CE12723B482A700D0662D /* Sources */ = {
			isa = PBXSourcesBuildPhase;
			buildActionMask = 2147483647;
			files = (
				BC7CE13323B482A700D0662D /* AddToDoViewController.swift in Sources */,
				BC7CE12F23B482A700D0662D /* AppDelegate.swift in Sources */,
				BC7CE13123B482A700D0662D /* SceneDelegate.swift in Sources */,
				BC0B33A223B5EEE1006A0185 /* ToDo.swift in Sources */,
				BC7579AB23C5C32E000E95B8 /* ToDo.xcdatamodeld in Sources */,
				BC7579A823C5953C000E95B8 /* CompleteToDoViewController.swift in Sources */,
				BC0B33A423B61A54006A0185 /* ToDoTableViewController.swift in Sources */,
			);
			runOnlyForDeploymentPostprocessing = 0;
		};
/* End PBXSourcesBuildPhase section */

/* Begin PBXVariantGroup section */
		BC7CE13423B482A700D0662D /* Main.storyboard */ = {
			isa = PBXVariantGroup;
			children = (
				BC7CE13523B482A700D0662D /* Base */,
			);
			name = Main.storyboard;
			sourceTree = "<group>";
		};
		BC7CE13923B482A800D0662D /* LaunchScreen.storyboard */ = {
			isa = PBXVariantGroup;
			children = (
				BC7CE13A23B482A800D0662D /* Base */,
			);
			name = LaunchScreen.storyboard;
			sourceTree = "<group>";
		};
/* End PBXVariantGroup section */

/* Begin XCBuildConfiguration section */
		BC7CE13D23B482A800D0662D /* Debug */ = {
			isa = XCBuildConfiguration;
			buildSettings = {
				ALWAYS_SEARCH_USER_PATHS = NO;
				CLANG_ANALYZER_NONNULL = YES;
				CLANG_ANALYZER_NUMBER_OBJECT_CONVERSION = YES_AGGRESSIVE;
				CLANG_CXX_LANGUAGE_STANDARD = "gnu++14";
				CLANG_CXX_LIBRARY = "libc++";
				CLANG_ENABLE_MODULES = YES;
				CLANG_ENABLE_OBJC_ARC = YES;
				CLANG_ENABLE_OBJC_WEAK = YES;
				CLANG_WARN_BLOCK_CAPTURE_AUTORELEASING = YES;
				CLANG_WARN_BOOL_CONVERSION = YES;
				CLANG_WARN_COMMA = YES;
				CLANG_WARN_CONSTANT_CONVERSION = YES;
				CLANG_WARN_DEPRECATED_OBJC_IMPLEMENTATIONS = YES;
				CLANG_WARN_DIRECT_OBJC_ISA_USAGE = YES_ERROR;
				CLANG_WARN_DOCUMENTATION_COMMENTS = YES;
				CLANG_WARN_EMPTY_BODY = YES;
				CLANG_WARN_ENUM_CONVERSION = YES;
				CLANG_WARN_INFINITE_RECURSION = YES;
				CLANG_WARN_INT_CONVERSION = YES;
				CLANG_WARN_NON_LITERAL_NULL_CONVERSION = YES;
				CLANG_WARN_OBJC_IMPLICIT_RETAIN_SELF = YES;
				CLANG_WARN_OBJC_LITERAL_CONVERSION = YES;
				CLANG_WARN_OBJC_ROOT_CLASS = YES_ERROR;
				CLANG_WARN_RANGE_LOOP_ANALYSIS = YES;
				CLANG_WARN_STRICT_PROTOTYPES = YES;
				CLANG_WARN_SUSPICIOUS_MOVE = YES;
				CLANG_WARN_UNGUARDED_AVAILABILITY = YES_AGGRESSIVE;
				CLANG_WARN_UNREACHABLE_CODE = YES;
				CLANG_WARN__DUPLICATE_METHOD_MATCH = YES;
				COPY_PHASE_STRIP = NO;
				DEBUG_INFORMATION_FORMAT = dwarf;
				ENABLE_STRICT_OBJC_MSGSEND = YES;
				ENABLE_TESTABILITY = YES;
				GCC_C_LANGUAGE_STANDARD = gnu11;
				GCC_DYNAMIC_NO_PIC = NO;
				GCC_NO_COMMON_BLOCKS = YES;
				GCC_OPTIMIZATION_LEVEL = 0;
				GCC_PREPROCESSOR_DEFINITIONS = (
					"DEBUG=1",
					"$(inherited)",
				);
				GCC_WARN_64_TO_32_BIT_CONVERSION = YES;
				GCC_WARN_ABOUT_RETURN_TYPE = YES_ERROR;
				GCC_WARN_UNDECLARED_SELECTOR = YES;
				GCC_WARN_UNINITIALIZED_AUTOS = YES_AGGRESSIVE;
				GCC_WARN_UNUSED_FUNCTION = YES;
				GCC_WARN_UNUSED_VARIABLE = YES;
				IPHONEOS_DEPLOYMENT_TARGET = 13.2;
				MTL_ENABLE_DEBUG_INFO = INCLUDE_SOURCE;
				MTL_FAST_MATH = YES;
				ONLY_ACTIVE_ARCH = YES;
				SDKROOT = iphoneos;
				SWIFT_ACTIVE_COMPILATION_CONDITIONS = DEBUG;
				SWIFT_OPTIMIZATION_LEVEL = "-Onone";
			};
			name = Debug;
		};
		BC7CE13E23B482A800D0662D /* Release */ = {
			isa = XCBuildConfiguration;
			buildSettings = {
				ALWAYS_SEARCH_USER_PATHS = NO;
				CLANG_ANALYZER_NONNULL = YES;
				CLANG_ANALYZER_NUMBER_OBJECT_CONVERSION = YES_AGGRESSIVE;
				CLANG_CXX_LANGUAGE_STANDARD = "gnu++14";
				CLANG_CXX_LIBRARY = "libc++";
				CLANG_ENABLE_MODULES = YES;
				CLANG_ENABLE_OBJC_ARC = YES;
				CLANG_ENABLE_OBJC_WEAK = YES;
				CLANG_WARN_BLOCK_CAPTURE_AUTORELEASING = YES;
				CLANG_WARN_BOOL_CONVERSION = YES;
				CLANG_WARN_COMMA = YES;
				CLANG_WARN_CONSTANT_CONVERSION = YES;
				CLANG_WARN_DEPRECATED_OBJC_IMPLEMENTATIONS = YES;
				CLANG_WARN_DIRECT_OBJC_ISA_USAGE = YES_ERROR;
				CLANG_WARN_DOCUMENTATION_COMMENTS = YES;
				CLANG_WARN_EMPTY_BODY = YES;
				CLANG_WARN_ENUM_CONVERSION = YES;
				CLANG_WARN_INFINITE_RECURSION = YES;
				CLANG_WARN_INT_CONVERSION = YES;
				CLANG_WARN_NON_LITERAL_NULL_CONVERSION = YES;
				CLANG_WARN_OBJC_IMPLICIT_RETAIN_SELF = YES;
				CLANG_WARN_OBJC_LITERAL_CONVERSION = YES;
				CLANG_WARN_OBJC_ROOT_CLASS = YES_ERROR;
				CLANG_WARN_RANGE_LOOP_ANALYSIS = YES;
				CLANG_WARN_STRICT_PROTOTYPES = YES;
				CLANG_WARN_SUSPICIOUS_MOVE = YES;
				CLANG_WARN_UNGUARDED_AVAILABILITY = YES_AGGRESSIVE;
				CLANG_WARN_UNREACHABLE_CODE = YES;
				CLANG_WARN__DUPLICATE_METHOD_MATCH = YES;
				COPY_PHASE_STRIP = NO;
				DEBUG_INFORMATION_FORMAT = "dwarf-with-dsym";
				ENABLE_NS_ASSERTIONS = NO;
				ENABLE_STRICT_OBJC_MSGSEND = YES;
				GCC_C_LANGUAGE_STANDARD = gnu11;
				GCC_NO_COMMON_BLOCKS = YES;
				GCC_WARN_64_TO_32_BIT_CONVERSION = YES;
				GCC_WARN_ABOUT_RETURN_TYPE = YES_ERROR;
				GCC_WARN_UNDECLARED_SELECTOR = YES;
				GCC_WARN_UNINITIALIZED_AUTOS = YES_AGGRESSIVE;
				GCC_WARN_UNUSED_FUNCTION = YES;
				GCC_WARN_UNUSED_VARIABLE = YES;
				IPHONEOS_DEPLOYMENT_TARGET = 13.2;
				MTL_ENABLE_DEBUG_INFO = NO;
				MTL_FAST_MATH = YES;
				SDKROOT = iphoneos;
				SWIFT_COMPILATION_MODE = wholemodule;
				SWIFT_OPTIMIZATION_LEVEL = "-O";
				VALIDATE_PRODUCT = YES;
			};
			name = Release;
		};
		BC7CE14023B482A800D0662D /* Debug */ = {
			isa = XCBuildConfiguration;
			buildSettings = {
				ASSETCATALOG_COMPILER_APPICON_NAME = AppIcon;
				CODE_SIGN_STYLE = Automatic;
				DEVELOPMENT_TEAM = AC2UBA9RGZ;
				INFOPLIST_FILE = ToDo/Info.plist;
				LD_RUNPATH_SEARCH_PATHS = (
					"$(inherited)",
					"@executable_path/Frameworks",
				);
				PRODUCT_BUNDLE_IDENTIFIER = kr.heo.ToDo;
				PRODUCT_NAME = "$(TARGET_NAME)";
				SWIFT_VERSION = 5.0;
				TARGETED_DEVICE_FAMILY = "1,2";
			};
			name = Debug;
		};
		BC7CE14123B482A800D0662D /* Release */ = {
			isa = XCBuildConfiguration;
			buildSettings = {
				ASSETCATALOG_COMPILER_APPICON_NAME = AppIcon;
				CODE_SIGN_STYLE = Automatic;
				DEVELOPMENT_TEAM = AC2UBA9RGZ;
				INFOPLIST_FILE = ToDo/Info.plist;
				LD_RUNPATH_SEARCH_PATHS = (
					"$(inherited)",
					"@executable_path/Frameworks",
				);
				PRODUCT_BUNDLE_IDENTIFIER = kr.heo.ToDo;
				PRODUCT_NAME = "$(TARGET_NAME)";
				SWIFT_VERSION = 5.0;
				TARGETED_DEVICE_FAMILY = "1,2";
			};
			name = Release;
		};
/* End XCBuildConfiguration section */

/* Begin XCConfigurationList section */
		BC7CE12623B482A700D0662D /* Build configuration list for PBXProject "ToDo" */ = {
			isa = XCConfigurationList;
			buildConfigurations = (
				BC7CE13D23B482A800D0662D /* Debug */,
				BC7CE13E23B482A800D0662D /* Release */,
			);
			defaultConfigurationIsVisible = 0;
			defaultConfigurationName = Release;
		};
		BC7CE13F23B482A800D0662D /* Build configuration list for PBXNativeTarget "ToDo" */ = {
			isa = XCConfigurationList;
			buildConfigurations = (
				BC7CE14023B482A800D0662D /* Debug */,
				BC7CE14123B482A800D0662D /* Release */,
			);
			defaultConfigurationIsVisible = 0;
			defaultConfigurationName = Release;
		};
/* End XCConfigurationList section */

/* Begin XCVersionGroup section */
		BC7579A923C5C32E000E95B8 /* ToDo.xcdatamodeld */ = {
			isa = XCVersionGroup;
			children = (
				BC7579AA23C5C32E000E95B8 /* ToDo.xcdatamodel */,
			);
			currentVersion = BC7579AA23C5C32E000E95B8 /* ToDo.xcdatamodel */;
			path = ToDo.xcdatamodeld;
			sourceTree = "<group>";
			versionGroupType = wrapper.xcdatamodel;
		};
/* End XCVersionGroup section */
	};
	rootObject = BC7CE12323B482A700D0662D /* Project object */;
}
